
Microsoft Visual Studio Solution File, Format Version 12.00
# Visual Studio Version 16
VisualStudioVersion = 16.0.31205.134
MinimumVisualStudioVersion = 10.0.40219.1
Project("{9A19103F-16F7-4668-BE54-9A1E7A4F7556}") = "AccountingApp.Frontend", "AccountingApp.Frontend\AccountingApp.Frontend.csproj", "{FEAF92D8-4153-46A1-8103-0F301E2A2009}"
EndProject
Project("{9A19103F-16F7-4668-BE54-9A1E7A4F7556}") = "AccountingApp.Frontend.DataAccess", "AccountingApp.Frontend.DataAccess\AccountingApp.Frontend.DataAccess.csproj", "{D3076237-CD3B-460A-9F3F-B2C2D6F9E4DD}"
EndProject
Project("{9A19103F-16F7-4668-BE54-9A1E7A4F7556}") = "AccountingApp.Shared", "..\AccountingApp\AccountingApp.Shared\AccountingApp.Shared.csproj", "{A04BC0F8-6D4D-4B2E-B295-2C0DB86D6C10}"
EndProject
Project("{FAE04EC0-301F-11D3-BF4B-00C04F79EFBC}") = "AccountingApp.Frontend.Tests", "AccountingApp.Frontend.Tests\AccountingApp.Frontend.Tests.csproj", "{104BEE00-9DAB-4EC4-8060-2A1E8F015B46}"
EndProject
Global
	GlobalSection(SolutionConfigurationPlatforms) = preSolution
		Debug|Any CPU = Debug|Any CPU
		Release|Any CPU = Release|Any CPU
	EndGlobalSection
	GlobalSection(ProjectConfigurationPlatforms) = postSolution
		{FEAF92D8-4153-46A1-8103-0F301E2A2009}.Debug|Any CPU.ActiveCfg = Debug|Any CPU
		{FEAF92D8-4153-46A1-8103-0F301E2A2009}.Debug|Any CPU.Build.0 = Debug|Any CPU
		{FEAF92D8-4153-46A1-8103-0F301E2A2009}.Release|Any CPU.ActiveCfg = Release|Any CPU
		{FEAF92D8-4153-46A1-8103-0F301E2A2009}.Release|Any CPU.Build.0 = Release|Any CPU
		{D3076237-CD3B-460A-9F3F-B2C2D6F9E4DD}.Debug|Any CPU.ActiveCfg = Debug|Any CPU
		{D3076237-CD3B-460A-9F3F-B2C2D6F9E4DD}.Debug|Any CPU.Build.0 = Debug|Any CPU
		{D3076237-CD3B-460A-9F3F-B2C2D6F9E4DD}.Release|Any CPU.ActiveCfg = Release|Any CPU
		{D3076237-CD3B-460A-9F3F-B2C2D6F9E4DD}.Release|Any CPU.Build.0 = Release|Any CPU
		{A04BC0F8-6D4D-4B2E-B295-2C0DB86D6C10}.Debug|Any CPU.ActiveCfg = Debug|Any CPU
		{A04BC0F8-6D4D-4B2E-B295-2C0DB86D6C10}.Debug|Any CPU.Build.0 = Debug|Any CPU
		{A04BC0F8-6D4D-4B2E-B295-2C0DB86D6C10}.Release|Any CPU.ActiveCfg = Release|Any CPU
		{A04BC0F8-6D4D-4B2E-B295-2C0DB86D6C10}.Release|Any CPU.Build.0 = Release|Any CPU
		{104BEE00-9DAB-4EC4-8060-2A1E8F015B46}.Debug|Any CPU.ActiveCfg = Debug|Any CPU
		{104BEE00-9DAB-4EC4-8060-2A1E8F015B46}.Debug|Any CPU.Build.0 = Debug|Any CPU
		{104BEE00-9DAB-4EC4-8060-2A1E8F015B46}.Release|Any CPU.ActiveCfg = Release|Any CPU
		{104BEE00-9DAB-4EC4-8060-2A1E8F015B46}.Release|Any CPU.Build.0 = Release|Any CPU
	EndGlobalSection
	GlobalSection(SolutionProperties) = preSolution
		HideSolutionNode = FALSE
	EndGlobalSection
	GlobalSection(ExtensibilityGlobals) = postSolution
		SolutionGuid = {6B2EF856-8163-4213-9B15-8E4EE8ECBF61}
	EndGlobalSection
EndGlobal
